{
  "nodes": {
    "flake-compat": {
      "flake": false,
      "locked": {
        "lastModified": 1606424373,
        "narHash": "sha256-oq8d4//CJOrVj+EcOaSXvMebvuTkmBJuT5tzlfewUnQ=",
        "owner": "edolstra",
        "repo": "flake-compat",
        "rev": "99f1c2157fba4bfe6211a321fd0ee43199025dbf",
        "type": "github"
      },
      "original": {
        "owner": "edolstra",
        "repo": "flake-compat",
        "type": "github"
      }
    },
    "nixpkgs": {
      "locked": {
        "lastModified": 1611219034,
        "narHash": "sha256-bgp8G3LcpvKs22/z5Cj4XQkmZq05Aa0vaP1bKl7X0zM=",
        "owner": "NixOS",
        "repo": "nixpkgs",
        "rev": "f217c0ea7c148ddc0103347051555c7c252dcafb",
        "type": "github"
      },
      "original": {
        "owner": "NixOS",
        "ref": "nixos-unstable",
        "repo": "nixpkgs",
        "type": "github"
      }
    },
    "root": {
      "inputs": {
        "flake-compat": "flake-compat",
        "nixpkgs": "nixpkgs",
        "src": "src"
      }
    },
    "src": {
      "flake": false,
      "locked": {
        "narHash": "sha256-jiXy1Rlr/PG62+E5gbW7gggTPXXKwlhkcAzQvbiwiuU=",
        "type": "tarball",
        "url": "https://cdn.azul.com/zing-zvm/feature-preview/zing99.99.99.99-fp.dev-3370-jdk15.0.1.tar.gz"
      },
      "original": {
        "type": "tarball",
        "url": "https://cdn.azul.com/zing-zvm/feature-preview/zing99.99.99.99-fp.dev-3370-jdk15.0.1.tar.gz"
      }
    }
  },
  "root": "root",
  "version": 7
}
