{
  "nodes": {
    "async-profiler-src": {
      "flake": false,
      "locked": {
        "lastModified": 1724420295,
        "narHash": "sha256-4Nn/kw+h9pd1GZOcjG6GMKADhgzXu3skeGtKZyteKak=",
        "owner": "jvm-profiling-tools",
        "repo": "async-profiler",
        "rev": "d92b893826e4de284851cff64662ed58b171885e",
        "type": "github"
      },
      "original": {
        "owner": "jvm-profiling-tools",
        "repo": "async-profiler",
        "type": "github"
      }
    },
    "flake-utils": {
      "inputs": {
        "systems": "systems"
      },
      "locked": {
        "lastModified": 1710146030,
        "narHash": "sha256-SZ5L6eA7HJ/nmkzGG7/ISclqe6oZdOZTNoesiInkXPQ=",
        "owner": "numtide",
        "repo": "flake-utils",
        "rev": "b1d9ab70662946ef0850d488da1c9019f3a9752a",
        "type": "github"
      },
      "original": {
        "owner": "numtide",
        "repo": "flake-utils",
        "type": "github"
      }
    },
    "jattach-src": {
      "flake": false,
      "locked": {
        "lastModified": 1705757825,
        "narHash": "sha256-y4oSNxCs3RWhgmZxMCBOkaQ0Rj0+wpS4azE3+rGm8sI=",
        "owner": "jattach",
        "repo": "jattach",
        "rev": "10cd6c396655a1708fe216f65ac71547af38025c",
        "type": "github"
      },
      "original": {
        "owner": "jattach",
        "repo": "jattach",
        "type": "github"
      }
    },
    "jdk": {
      "flake": false,
      "locked": {
        "lastModified": 1724921642,
        "narHash": "sha256-GDZ1SqIKipj108pPvTehUPcLrFpk9NV9RDHo9Hr1a/E=",
        "owner": "openjdk",
        "repo": "jdk",
        "rev": "723588a4e78d25f0ef3c4cdaeb377aedc3a352d4",
        "type": "github"
      },
      "original": {
        "owner": "openjdk",
        "repo": "jdk",
        "type": "github"
      }
    },
    "jdk21": {
      "flake": false,
      "locked": {
        "lastModified": 1724777202,
        "narHash": "sha256-yraBoTrCA9lafEGpnslySjPjZdS7RwnmHEVxat8qQPI=",
        "owner": "openjdk",
        "repo": "jdk21u",
        "rev": "33f4d805747ed1c63ab7fba169149d2dfbb2cded",
        "type": "github"
      },
      "original": {
        "owner": "openjdk",
        "repo": "jdk21u",
        "type": "github"
      }
    },
    "jdk22": {
      "flake": false,
      "locked": {
        "lastModified": 1721158958,
        "narHash": "sha256-/kIwKLGyzEJEGg2tjZdDWNRKZk8R41kcADvAQvdQCEk=",
        "owner": "openjdk",
        "repo": "jdk22u",
        "rev": "d5f6a70d5a00fbb229393873c180a6815a9012e6",
        "type": "github"
      },
      "original": {
        "owner": "openjdk",
        "repo": "jdk22u",
        "type": "github"
      }
    },
    "jdk23": {
      "flake": false,
      "locked": {
        "lastModified": 1724758390,
        "narHash": "sha256-M5//nU07SmKKYTc6eqn1NxSIbz2AZuen6twh004v2Vs=",
        "owner": "openjdk",
        "repo": "jdk23u",
        "rev": "bf77a6cf926bd1b493fc795da4b9a0b57b2222d0",
        "type": "github"
      },
      "original": {
        "owner": "openjdk",
        "repo": "jdk23u",
        "type": "github"
      }
    },
    "jextract-src": {
      "flake": false,
      "locked": {
        "lastModified": 1707845525,
        "narHash": "sha256-y1b8SpTbIPGWe1J2rWfJgjUItOeALiCw1dEJTRuOKeQ=",
        "owner": "openjdk",
        "repo": "jextract",
        "rev": "bd45c8b5449cc2df7e59b729bc1cf8402030ce50",
        "type": "github"
      },
      "original": {
        "owner": "openjdk",
        "ref": "jdk22",
        "repo": "jextract",
        "type": "github"
      }
    },
    "jextract_jdk23-src": {
      "flake": false,
      "locked": {
        "lastModified": 1723820948,
        "narHash": "sha256-HQn2Y48DX4LUDVas1biuXe8fpCsJuiND99wtB8iRytQ=",
        "owner": "openjdk",
        "repo": "jextract",
        "rev": "a76a76211e929fa573ed2a7546ef0aaee9680bd9",
        "type": "github"
      },
      "original": {
        "owner": "openjdk",
        "repo": "jextract",
        "type": "github"
      }
    },
    "jmc_linux_tgz": {
      "flake": false,
      "locked": {
        "lastModified": 1677613233,
        "narHash": "sha256-kZZZJAWa65wx+H8EfqimJVz+B7A4x6VEdK7lZBMfRW0=",
        "type": "tarball",
        "url": "https://download.java.net/java/GA/jmc8/05/binaries/jmc-8.3.1_linux-x64.tar.gz"
      },
      "original": {
        "type": "tarball",
        "url": "https://download.java.net/java/GA/jmc8/05/binaries/jmc-8.3.1_linux-x64.tar.gz"
      }
    },
    "jtreg-src": {
      "flake": false,
      "locked": {
        "lastModified": 1724837686,
        "narHash": "sha256-sFz55QkR4RKiQ8MawngC8AmfU3Mde5SAdsQZDz0G+iM=",
        "owner": "openjdk",
        "repo": "jtreg",
        "rev": "2db8c37d248bc7198cbbc5b026ebcba9d9a23bfa",
        "type": "github"
      },
      "original": {
        "owner": "openjdk",
        "repo": "jtreg",
        "type": "github"
      }
    },
    "nixpkgs": {
      "locked": {
        "lastModified": 1724727824,
        "narHash": "sha256-0XH9MJk54imJm+RHOLTUJ7e+ponLW00tw5ke4MTVa1Y=",
        "owner": "NixOS",
        "repo": "nixpkgs",
        "rev": "36bae45077667aff5720e5b3f1a5458f51cf0776",
        "type": "github"
      },
      "original": {
        "id": "nixpkgs",
        "ref": "nixos-24.05",
        "type": "indirect"
      }
    },
    "root": {
      "inputs": {
        "async-profiler-src": "async-profiler-src",
        "flake-utils": "flake-utils",
        "jattach-src": "jattach-src",
        "jdk": "jdk",
        "jdk21": "jdk21",
        "jdk22": "jdk22",
        "jdk23": "jdk23",
        "jextract-src": "jextract-src",
        "jextract_jdk23-src": "jextract_jdk23-src",
        "jmc_linux_tgz": "jmc_linux_tgz",
        "jtreg-src": "jtreg-src",
        "nixpkgs": "nixpkgs",
        "visualvm_zip": "visualvm_zip",
        "zulu22_linux_aarch64_tgz": "zulu22_linux_aarch64_tgz",
        "zulu22_linux_x64_tgz": "zulu22_linux_x64_tgz",
        "zulu22_macos_aarch64_tgz": "zulu22_macos_aarch64_tgz"
      }
    },
    "systems": {
      "locked": {
        "lastModified": 1681028828,
        "narHash": "sha256-Vy1rq5AaRuLzOxct8nz4T6wlgyUR7zLU309k9mBC768=",
        "owner": "nix-systems",
        "repo": "default",
        "rev": "da67096a3b9bf56a91d16901293e51ba5b49a27e",
        "type": "github"
      },
      "original": {
        "owner": "nix-systems",
        "repo": "default",
        "type": "github"
      }
    },
    "visualvm_zip": {
      "flake": false,
      "locked": {
        "lastModified": 1710753680,
        "narHash": "sha256-yWSB8mqcOG7xd4/8YjPXzGvl7BgyOLdIoyAs69+/kv4=",
        "type": "tarball",
        "url": "https://github.com/oracle/visualvm/releases/download/2.1.8/visualvm_218.zip"
      },
      "original": {
        "type": "tarball",
        "url": "https://github.com/oracle/visualvm/releases/download/2.1.8/visualvm_218.zip"
      }
    },
    "zulu22_linux_aarch64_tgz": {
      "flake": false,
      "locked": {
        "lastModified": 1712308206,
        "narHash": "sha256-u86agDW5d5hE9SlwemYNEGod6dLuP3Q0ZzLroFexyjE=",
        "type": "tarball",
        "url": "https://cdn.azul.com/zulu/bin/zulu22.30.13-ca-jdk22.0.1-linux_aarch64.tar.gz"
      },
      "original": {
        "type": "tarball",
        "url": "https://cdn.azul.com/zulu/bin/zulu22.30.13-ca-jdk22.0.1-linux_aarch64.tar.gz"
      }
    },
    "zulu22_linux_x64_tgz": {
      "flake": false,
      "locked": {
        "lastModified": 1712308307,
        "narHash": "sha256-DLco99cWGGunTOiEu3TL7xZvnc0LawVp4jnGunV1+ew=",
        "type": "tarball",
        "url": "https://cdn.azul.com/zulu/bin/zulu22.30.13-ca-jdk22.0.1-linux_x64.tar.gz"
      },
      "original": {
        "type": "tarball",
        "url": "https://cdn.azul.com/zulu/bin/zulu22.30.13-ca-jdk22.0.1-linux_x64.tar.gz"
      }
    },
    "zulu22_macos_aarch64_tgz": {
      "flake": false,
      "locked": {
        "lastModified": 1712308074,
        "narHash": "sha256-XSI0Wp2J99GuZDsOiLn65WnH0LionP8WJ9e0ykqrqs0=",
        "type": "tarball",
        "url": "https://cdn.azul.com/zulu/bin/zulu22.30.13-ca-jdk22.0.1-macosx_aarch64.tar.gz"
      },
      "original": {
        "type": "tarball",
        "url": "https://cdn.azul.com/zulu/bin/zulu22.30.13-ca-jdk22.0.1-macosx_aarch64.tar.gz"
      }
    }
  },
  "root": "root",
  "version": 7
}
