{
  "nodes": {
    "async-profiler-src": {
      "flake": false,
      "locked": {
        "lastModified": 1720537166,
        "narHash": "sha256-SZ5EZOw8ef2LY44xsyD2Ffq3gunTioBvbXxSZhERZlU=",
        "owner": "jvm-profiling-tools",
        "repo": "async-profiler",
        "rev": "76c2024e83a03ddcc94bdb5b2665ec88aec47cf8",
        "type": "github"
      },
      "original": {
        "owner": "jvm-profiling-tools",
        "repo": "async-profiler",
        "type": "github"
      }
    },
    "flake-utils": {
      "inputs": {
        "systems": "systems"
      },
      "locked": {
        "lastModified": 1710146030,
        "narHash": "sha256-SZ5L6eA7HJ/nmkzGG7/ISclqe6oZdOZTNoesiInkXPQ=",
        "owner": "numtide",
        "repo": "flake-utils",
        "rev": "b1d9ab70662946ef0850d488da1c9019f3a9752a",
        "type": "github"
      },
      "original": {
        "owner": "numtide",
        "repo": "flake-utils",
        "type": "github"
      }
    },
    "jattach-src": {
      "flake": false,
      "locked": {
        "lastModified": 1705757825,
        "narHash": "sha256-y4oSNxCs3RWhgmZxMCBOkaQ0Rj0+wpS4azE3+rGm8sI=",
        "owner": "jattach",
        "repo": "jattach",
        "rev": "10cd6c396655a1708fe216f65ac71547af38025c",
        "type": "github"
      },
      "original": {
        "owner": "jattach",
        "repo": "jattach",
        "type": "github"
      }
    },
    "jdk": {
      "flake": false,
      "locked": {
        "lastModified": 1720557489,
        "narHash": "sha256-T0EnwAvA14HvKFD4QoYOAUq1toOcfOmHNbnd2J9s1LA=",
        "owner": "openjdk",
        "repo": "jdk",
        "rev": "1472124489c841642996ae984e21c533ffec8091",
        "type": "github"
      },
      "original": {
        "owner": "openjdk",
        "repo": "jdk",
        "type": "github"
      }
    },
    "jdk21": {
      "flake": false,
      "locked": {
        "lastModified": 1719287751,
        "narHash": "sha256-mm7YUqsGQNjYLzMzLwXaxupX4a0ZBwe2lm00ILJN8AM=",
        "owner": "openjdk",
        "repo": "jdk21u",
        "rev": "a0b3c6cd86861a038a7b7967428266c882bd5d7a",
        "type": "github"
      },
      "original": {
        "owner": "openjdk",
        "repo": "jdk21u",
        "type": "github"
      }
    },
    "jdk22": {
      "flake": false,
      "locked": {
        "lastModified": 1718211188,
        "narHash": "sha256-P9SxM+kwxh616AdkpYgQv1ja/Vijumy4PkShkL4IklE=",
        "owner": "openjdk",
        "repo": "jdk22u",
        "rev": "c68a285abfa4360ae2251edaf6a9463aeb4896f6",
        "type": "github"
      },
      "original": {
        "owner": "openjdk",
        "repo": "jdk22u",
        "type": "github"
      }
    },
    "jdk23": {
      "flake": false,
      "locked": {
        "lastModified": 1720509829,
        "narHash": "sha256-6unzxqGaBxl24i2nQn14dxjIvW+nlIjhmX68DrjTpYo=",
        "owner": "openjdk",
        "repo": "jdk23u",
        "rev": "e0dad6d5aeddc754beed847680f4e0c90a726aba",
        "type": "github"
      },
      "original": {
        "owner": "openjdk",
        "repo": "jdk23u",
        "type": "github"
      }
    },
    "jextract-src": {
      "flake": false,
      "locked": {
        "lastModified": 1707845525,
        "narHash": "sha256-y1b8SpTbIPGWe1J2rWfJgjUItOeALiCw1dEJTRuOKeQ=",
        "owner": "openjdk",
        "repo": "jextract",
        "rev": "bd45c8b5449cc2df7e59b729bc1cf8402030ce50",
        "type": "github"
      },
      "original": {
        "owner": "openjdk",
        "ref": "jdk22",
        "repo": "jextract",
        "type": "github"
      }
    },
    "jextract_jdk23-src": {
      "flake": false,
      "locked": {
        "lastModified": 1719329238,
        "narHash": "sha256-3I1fGMd/tOj5o5nbFAyMibELZUolwahhg1QMqHYKAAM=",
        "owner": "openjdk",
        "repo": "jextract",
        "rev": "26dee164ede28e02b398147871e410b2d854c0f6",
        "type": "github"
      },
      "original": {
        "owner": "openjdk",
        "repo": "jextract",
        "type": "github"
      }
    },
    "jmc_linux_tgz": {
      "flake": false,
      "locked": {
        "lastModified": 1677613233,
        "narHash": "sha256-kZZZJAWa65wx+H8EfqimJVz+B7A4x6VEdK7lZBMfRW0=",
        "type": "tarball",
        "url": "https://download.java.net/java/GA/jmc8/05/binaries/jmc-8.3.1_linux-x64.tar.gz"
      },
      "original": {
        "type": "tarball",
        "url": "https://download.java.net/java/GA/jmc8/05/binaries/jmc-8.3.1_linux-x64.tar.gz"
      }
    },
    "jtreg-src": {
      "flake": false,
      "locked": {
        "lastModified": 1720077798,
        "narHash": "sha256-DUSoXnSYSylRNf08r5vmUcxw6m5a0W/iyiHC+nXWdP8=",
        "owner": "openjdk",
        "repo": "jtreg",
        "rev": "d8a65183ed7b2cc9458506ac1c1d34ec4f11406d",
        "type": "github"
      },
      "original": {
        "owner": "openjdk",
        "repo": "jtreg",
        "type": "github"
      }
    },
    "nixpkgs": {
      "locked": {
        "lastModified": 1720386169,
        "narHash": "sha256-NGKVY4PjzwAa4upkGtAMz1npHGoRzWotlSnVlqI40mo=",
        "owner": "NixOS",
        "repo": "nixpkgs",
        "rev": "194846768975b7ad2c4988bdb82572c00222c0d7",
        "type": "github"
      },
      "original": {
        "id": "nixpkgs",
        "ref": "nixos-24.05",
        "type": "indirect"
      }
    },
    "root": {
      "inputs": {
        "async-profiler-src": "async-profiler-src",
        "flake-utils": "flake-utils",
        "jattach-src": "jattach-src",
        "jdk": "jdk",
        "jdk21": "jdk21",
        "jdk22": "jdk22",
        "jdk23": "jdk23",
        "jextract-src": "jextract-src",
        "jextract_jdk23-src": "jextract_jdk23-src",
        "jmc_linux_tgz": "jmc_linux_tgz",
        "jtreg-src": "jtreg-src",
        "nixpkgs": "nixpkgs",
        "visualvm_zip": "visualvm_zip",
        "zulu22_linux_aarch64_tgz": "zulu22_linux_aarch64_tgz",
        "zulu22_linux_x64_tgz": "zulu22_linux_x64_tgz",
        "zulu22_macos_aarch64_tgz": "zulu22_macos_aarch64_tgz"
      }
    },
    "systems": {
      "locked": {
        "lastModified": 1681028828,
        "narHash": "sha256-Vy1rq5AaRuLzOxct8nz4T6wlgyUR7zLU309k9mBC768=",
        "owner": "nix-systems",
        "repo": "default",
        "rev": "da67096a3b9bf56a91d16901293e51ba5b49a27e",
        "type": "github"
      },
      "original": {
        "owner": "nix-systems",
        "repo": "default",
        "type": "github"
      }
    },
    "visualvm_zip": {
      "flake": false,
      "locked": {
        "lastModified": 1710753680,
        "narHash": "sha256-yWSB8mqcOG7xd4/8YjPXzGvl7BgyOLdIoyAs69+/kv4=",
        "type": "tarball",
        "url": "https://github.com/oracle/visualvm/releases/download/2.1.8/visualvm_218.zip"
      },
      "original": {
        "type": "tarball",
        "url": "https://github.com/oracle/visualvm/releases/download/2.1.8/visualvm_218.zip"
      }
    },
    "zulu22_linux_aarch64_tgz": {
      "flake": false,
      "locked": {
        "lastModified": 1712308206,
        "narHash": "sha256-u86agDW5d5hE9SlwemYNEGod6dLuP3Q0ZzLroFexyjE=",
        "type": "tarball",
        "url": "https://cdn.azul.com/zulu/bin/zulu22.30.13-ca-jdk22.0.1-linux_aarch64.tar.gz"
      },
      "original": {
        "type": "tarball",
        "url": "https://cdn.azul.com/zulu/bin/zulu22.30.13-ca-jdk22.0.1-linux_aarch64.tar.gz"
      }
    },
    "zulu22_linux_x64_tgz": {
      "flake": false,
      "locked": {
        "lastModified": 1712308307,
        "narHash": "sha256-DLco99cWGGunTOiEu3TL7xZvnc0LawVp4jnGunV1+ew=",
        "type": "tarball",
        "url": "https://cdn.azul.com/zulu/bin/zulu22.30.13-ca-jdk22.0.1-linux_x64.tar.gz"
      },
      "original": {
        "type": "tarball",
        "url": "https://cdn.azul.com/zulu/bin/zulu22.30.13-ca-jdk22.0.1-linux_x64.tar.gz"
      }
    },
    "zulu22_macos_aarch64_tgz": {
      "flake": false,
      "locked": {
        "lastModified": 1712308074,
        "narHash": "sha256-XSI0Wp2J99GuZDsOiLn65WnH0LionP8WJ9e0ykqrqs0=",
        "type": "tarball",
        "url": "https://cdn.azul.com/zulu/bin/zulu22.30.13-ca-jdk22.0.1-macosx_aarch64.tar.gz"
      },
      "original": {
        "type": "tarball",
        "url": "https://cdn.azul.com/zulu/bin/zulu22.30.13-ca-jdk22.0.1-macosx_aarch64.tar.gz"
      }
    }
  },
  "root": "root",
  "version": 7
}
